
Microsoft Visual Studio Solution File, Format Version 12.00
# Visual Studio Version 17
VisualStudioVersion = 17.12.35527.113 d17.12
MinimumVisualStudioVersion = 10.0.40219.1
Project("{FAE04EC0-301F-11D3-BF4B-00C04F79EFBC}") = "TimeProviderDemo", "TimeProviderDemo\TimeProviderDemo.csproj", "{22412155-C9DB-44E2-9375-60A286FB4D7C}"
EndProject
Project("{FAE04EC0-301F-11D3-BF4B-00C04F79EFBC}") = "UnitTestProject", "UnitTestProject\UnitTestProject.csproj", "{9D450996-C530-4832-8E5B-50EF09518A5A}"
EndProject
Global
	GlobalSection(SolutionConfigurationPlatforms) = preSolution
		Debug|Any CPU = Debug|Any CPU
		Release|Any CPU = Release|Any CPU
	EndGlobalSection
	GlobalSection(ProjectConfigurationPlatforms) = postSolution
		{22412155-C9DB-44E2-9375-60A286FB4D7C}.Debug|Any CPU.ActiveCfg = Debug|Any CPU
		{22412155-C9DB-44E2-9375-60A286FB4D7C}.Debug|Any CPU.Build.0 = Debug|Any CPU
		{22412155-C9DB-44E2-9375-60A286FB4D7C}.Release|Any CPU.ActiveCfg = Release|Any CPU
		{22412155-C9DB-44E2-9375-60A286FB4D7C}.Release|Any CPU.Build.0 = Release|Any CPU
		{9D450996-C530-4832-8E5B-50EF09518A5A}.Debug|Any CPU.ActiveCfg = Debug|Any CPU
		{9D450996-C530-4832-8E5B-50EF09518A5A}.Debug|Any CPU.Build.0 = Debug|Any CPU
		{9D450996-C530-4832-8E5B-50EF09518A5A}.Release|Any CPU.ActiveCfg = Release|Any CPU
		{9D450996-C530-4832-8E5B-50EF09518A5A}.Release|Any CPU.Build.0 = Release|Any CPU
	EndGlobalSection
	GlobalSection(SolutionProperties) = preSolution
		HideSolutionNode = FALSE
	EndGlobalSection
EndGlobal
